
Microsoft Visual Studio Solution File, Format Version 12.00
Project("{FAE04EC0-301F-11D3-BF4B-00C04F79EFBC}") = "SkyWatch", "SkyWatch.csproj", "{7391FEAE-0444-4D6E-8A8B-EE217C917236}"
EndProject
Global
	GlobalSection(SolutionConfigurationPlatforms) = preSolution
		Debug|Any CPU = Debug|Any CPU
		Release|Any CPU = Release|Any CPU
	EndGlobalSection
	GlobalSection(ProjectConfigurationPlatforms) = postSolution
		{7391FEAE-0444-4D6E-8A8B-EE217C917236}.Debug|Any CPU.ActiveCfg = Debug|Any CPU
		{7391FEAE-0444-4D6E-8A8B-EE217C917236}.Debug|Any CPU.Build.0 = Debug|Any CPU
		{7391FEAE-0444-4D6E-8A8B-EE217C917236}.Release|Any CPU.ActiveCfg = Release|Any CPU
		{7391FEAE-0444-4D6E-8A8B-EE217C917236}.Release|Any CPU.Build.0 = Release|Any CPU
	EndGlobalSection
EndGlobal
